// !$*UTF8*$!
{
	archiveVersion = 1;
	classes = {
	};
	objectVersion = 56;
	objects = {

/* Begin PBXBuildFile section */
		322146912B5AF47600C3F382 /* AppDelegate.swift in Sources */ = {isa = PBXBuildFile; fileRef = 322146902B5AF47600C3F382 /* AppDelegate.swift */; };
		322146932B5AF47600C3F382 /* SceneDelegate.swift in Sources */ = {isa = PBXBuildFile; fileRef = 322146922B5AF47600C3F382 /* SceneDelegate.swift */; };
		322146952B5AF47600C3F382 /* ProductsViewController.swift in Sources */ = {isa = PBXBuildFile; fileRef = 322146942B5AF47600C3F382 /* ProductsViewController.swift */; };
		3221469A2B5AF48000C3F382 /* Assets.xcassets in Resources */ = {isa = PBXBuildFile; fileRef = 322146992B5AF48000C3F382 /* Assets.xcassets */; };
		3221469D2B5AF48000C3F382 /* LaunchScreen.storyboard in Resources */ = {isa = PBXBuildFile; fileRef = 3221469B2B5AF48000C3F382 /* LaunchScreen.storyboard */; };
		322146AF2B5AF91C00C3F382 /* Product.swift in Sources */ = {isa = PBXBuildFile; fileRef = 322146AE2B5AF91C00C3F382 /* Product.swift */; };
		322146B12B5AF9DD00C3F382 /* ProductsResponse.swift in Sources */ = {isa = PBXBuildFile; fileRef = 322146B02B5AF9DD00C3F382 /* ProductsResponse.swift */; };
		322146B42B5AFA9C00C3F382 /* ProductPreviewViewModel.swift in Sources */ = {isa = PBXBuildFile; fileRef = 322146B32B5AFA9C00C3F382 /* ProductPreviewViewModel.swift */; };
		322146B72B5AFC9B00C3F382 /* ImageService.swift in Sources */ = {isa = PBXBuildFile; fileRef = 322146B62B5AFC9B00C3F382 /* ImageService.swift */; };
		322146B92B5B03E700C3F382 /* ProductsViewModel.swift in Sources */ = {isa = PBXBuildFile; fileRef = 322146B82B5B03E700C3F382 /* ProductsViewModel.swift */; };
		322146BB2B5B04BD00C3F382 /* APIService.swift in Sources */ = {isa = PBXBuildFile; fileRef = 322146BA2B5B04BD00C3F382 /* APIService.swift */; };
		322146BE2B5B05E900C3F382 /* APIError.swift in Sources */ = {isa = PBXBuildFile; fileRef = 322146BD2B5B05E900C3F382 /* APIError.swift */; };
		322146C42B5B0F2F00C3F382 /* AlertHelpers.swift in Sources */ = {isa = PBXBuildFile; fileRef = 322146C32B5B0F2F00C3F382 /* AlertHelpers.swift */; };
		322146C72B5B0FDA00C3F382 /* BottomAlertView.swift in Sources */ = {isa = PBXBuildFile; fileRef = 322146C62B5B0FDA00C3F382 /* BottomAlertView.swift */; };
		322146CA2B5B133700C3F382 /* MessageType.swift in Sources */ = {isa = PBXBuildFile; fileRef = 322146C92B5B133700C3F382 /* MessageType.swift */; };
		32F3A7162B5B247C00857C69 /* ProductPreviewCollectionViewCell.swift in Sources */ = {isa = PBXBuildFile; fileRef = 32F3A7152B5B247C00857C69 /* ProductPreviewCollectionViewCell.swift */; };
/* End PBXBuildFile section */

/* Begin PBXFileReference section */
		3221468D2B5AF47600C3F382 /* ProductsAPI.app */ = {isa = PBXFileReference; explicitFileType = wrapper.application; includeInIndex = 0; path = ProductsAPI.app; sourceTree = BUILT_PRODUCTS_DIR; };
		322146902B5AF47600C3F382 /* AppDelegate.swift */ = {isa = PBXFileReference; lastKnownFileType = sourcecode.swift; path = AppDelegate.swift; sourceTree = "<group>"; };
		322146922B5AF47600C3F382 /* SceneDelegate.swift */ = {isa = PBXFileReference; lastKnownFileType = sourcecode.swift; path = SceneDelegate.swift; sourceTree = "<group>"; };
		322146942B5AF47600C3F382 /* ProductsViewController.swift */ = {isa = PBXFileReference; lastKnownFileType = sourcecode.swift; path = ProductsViewController.swift; sourceTree = "<group>"; };
		322146992B5AF48000C3F382 /* Assets.xcassets */ = {isa = PBXFileReference; lastKnownFileType = folder.assetcatalog; path = Assets.xcassets; sourceTree = "<group>"; };
		3221469C2B5AF48000C3F382 /* Base */ = {isa = PBXFileReference; lastKnownFileType = file.storyboard; name = Base; path = Base.lproj/LaunchScreen.storyboard; sourceTree = "<group>"; };
		3221469E2B5AF48000C3F382 /* Info.plist */ = {isa = PBXFileReference; lastKnownFileType = text.plist.xml; path = Info.plist; sourceTree = "<group>"; };
		322146AE2B5AF91C00C3F382 /* Product.swift */ = {isa = PBXFileReference; lastKnownFileType = sourcecode.swift; path = Product.swift; sourceTree = "<group>"; };
		322146B02B5AF9DD00C3F382 /* ProductsResponse.swift */ = {isa = PBXFileReference; lastKnownFileType = sourcecode.swift; path = ProductsResponse.swift; sourceTree = "<group>"; };
		322146B32B5AFA9C00C3F382 /* ProductPreviewViewModel.swift */ = {isa = PBXFileReference; lastKnownFileType = sourcecode.swift; path = ProductPreviewViewModel.swift; sourceTree = "<group>"; };
		322146B62B5AFC9B00C3F382 /* ImageService.swift */ = {isa = PBXFileReference; lastKnownFileType = sourcecode.swift; path = ImageService.swift; sourceTree = "<group>"; };
		322146B82B5B03E700C3F382 /* ProductsViewModel.swift */ = {isa = PBXFileReference; lastKnownFileType = sourcecode.swift; path = ProductsViewModel.swift; sourceTree = "<group>"; };
		322146BA2B5B04BD00C3F382 /* APIService.swift */ = {isa = PBXFileReference; lastKnownFileType = sourcecode.swift; path = APIService.swift; sourceTree = "<group>"; };
		322146BD2B5B05E900C3F382 /* APIError.swift */ = {isa = PBXFileReference; lastKnownFileType = sourcecode.swift; path = APIError.swift; sourceTree = "<group>"; };
		322146C32B5B0F2F00C3F382 /* AlertHelpers.swift */ = {isa = PBXFileReference; lastKnownFileType = sourcecode.swift; path = AlertHelpers.swift; sourceTree = "<group>"; };
		322146C62B5B0FDA00C3F382 /* BottomAlertView.swift */ = {isa = PBXFileReference; lastKnownFileType = sourcecode.swift; path = BottomAlertView.swift; sourceTree = "<group>"; };
		322146C92B5B133700C3F382 /* MessageType.swift */ = {isa = PBXFileReference; lastKnownFileType = sourcecode.swift; path = MessageType.swift; sourceTree = "<group>"; };
		32F3A7152B5B247C00857C69 /* ProductPreviewCollectionViewCell.swift */ = {isa = PBXFileReference; lastKnownFileType = sourcecode.swift; path = ProductPreviewCollectionViewCell.swift; sourceTree = "<group>"; };
/* End PBXFileReference section */

/* Begin PBXFrameworksBuildPhase section */
		3221468A2B5AF47500C3F382 /* Frameworks */ = {
			isa = PBXFrameworksBuildPhase;
			buildActionMask = 2147483647;
			files = (
			);
			runOnlyForDeploymentPostprocessing = 0;
		};
/* End PBXFrameworksBuildPhase section */

/* Begin PBXGroup section */
		322146842B5AF47500C3F382 = {
			isa = PBXGroup;
			children = (
				3221468F2B5AF47600C3F382 /* ProductsAPI */,
				3221468E2B5AF47600C3F382 /* Products */,
			);
			sourceTree = "<group>";
		};
		3221468E2B5AF47600C3F382 /* Products */ = {
			isa = PBXGroup;
			children = (
				3221468D2B5AF47600C3F382 /* ProductsAPI.app */,
			);
			name = Products;
			sourceTree = "<group>";
		};
		3221468F2B5AF47600C3F382 /* ProductsAPI */ = {
			isa = PBXGroup;
			children = (
				322146B52B5AFC9200C3F382 /* Services */,
				322146A42B5AF4A500C3F382 /* App lifecycle */,
				322146AA2B5AF4DF00C3F382 /* Screens */,
				322146C22B5B0F1300C3F382 /* Helpers */,
				322146A52B5AF4B100C3F382 /* Resources */,
				3221469E2B5AF48000C3F382 /* Info.plist */,
			);
			path = ProductsAPI;
			sourceTree = "<group>";
		};
		322146A42B5AF4A500C3F382 /* App lifecycle */ = {
			isa = PBXGroup;
			children = (
				322146902B5AF47600C3F382 /* AppDelegate.swift */,
				322146922B5AF47600C3F382 /* SceneDelegate.swift */,
			);
			path = "App lifecycle";
			sourceTree = "<group>";
		};
		322146A52B5AF4B100C3F382 /* Resources */ = {
			isa = PBXGroup;
			children = (
				322146992B5AF48000C3F382 /* Assets.xcassets */,
				3221469B2B5AF48000C3F382 /* LaunchScreen.storyboard */,
			);
			path = Resources;
			sourceTree = "<group>";
		};
		322146AA2B5AF4DF00C3F382 /* Screens */ = {
			isa = PBXGroup;
			children = (
				322146AB2B5AF4E800C3F382 /* Products */,
			);
			path = Screens;
			sourceTree = "<group>";
		};
		322146AB2B5AF4E800C3F382 /* Products */ = {
			isa = PBXGroup;
			children = (
				322146B22B5AFA8900C3F382 /* ViewModels */,
				322146AD2B5AF91200C3F382 /* Models */,
				322146AC2B5AF90C00C3F382 /* Views */,
			);
			path = Products;
			sourceTree = "<group>";
		};
		322146AC2B5AF90C00C3F382 /* Views */ = {
			isa = PBXGroup;
			children = (
				322146942B5AF47600C3F382 /* ProductsViewController.swift */,
				32F3A7152B5B247C00857C69 /* ProductPreviewCollectionViewCell.swift */,
			);
			path = Views;
			sourceTree = "<group>";
		};
		322146AD2B5AF91200C3F382 /* Models */ = {
			isa = PBXGroup;
			children = (
				322146AE2B5AF91C00C3F382 /* Product.swift */,
				322146B02B5AF9DD00C3F382 /* ProductsResponse.swift */,
			);
			path = Models;
			sourceTree = "<group>";
		};
		322146B22B5AFA8900C3F382 /* ViewModels */ = {
			isa = PBXGroup;
			children = (
				322146B32B5AFA9C00C3F382 /* ProductPreviewViewModel.swift */,
				322146B82B5B03E700C3F382 /* ProductsViewModel.swift */,
			);
			path = ViewModels;
			sourceTree = "<group>";
		};
		322146B52B5AFC9200C3F382 /* Services */ = {
			isa = PBXGroup;
			children = (
				322146B62B5AFC9B00C3F382 /* ImageService.swift */,
				322146BC2B5B05DF00C3F382 /* APIService */,
			);
			path = Services;
			sourceTree = "<group>";
		};
		322146BC2B5B05DF00C3F382 /* APIService */ = {
			isa = PBXGroup;
			children = (
				322146BA2B5B04BD00C3F382 /* APIService.swift */,
				322146BD2B5B05E900C3F382 /* APIError.swift */,
			);
			path = APIService;
			sourceTree = "<group>";
		};
		322146C22B5B0F1300C3F382 /* Helpers */ = {
			isa = PBXGroup;
			children = (
				322146C52B5B0FC700C3F382 /* Views */,
				322146C32B5B0F2F00C3F382 /* AlertHelpers.swift */,
			);
			path = Helpers;
			sourceTree = "<group>";
		};
		322146C52B5B0FC700C3F382 /* Views */ = {
			isa = PBXGroup;
			children = (
				322146C82B5B132D00C3F382 /* BottomAlertView */,
			);
			path = Views;
			sourceTree = "<group>";
		};
		322146C82B5B132D00C3F382 /* BottomAlertView */ = {
			isa = PBXGroup;
			children = (
				322146C62B5B0FDA00C3F382 /* BottomAlertView.swift */,
				322146C92B5B133700C3F382 /* MessageType.swift */,
			);
			path = BottomAlertView;
			sourceTree = "<group>";
		};
/* End PBXGroup section */

/* Begin PBXNativeTarget section */
		3221468C2B5AF47500C3F382 /* ProductsAPI */ = {
			isa = PBXNativeTarget;
			buildConfigurationList = 322146A12B5AF48000C3F382 /* Build configuration list for PBXNativeTarget "ProductsAPI" */;
			buildPhases = (
				322146892B5AF47500C3F382 /* Sources */,
				3221468A2B5AF47500C3F382 /* Frameworks */,
				3221468B2B5AF47500C3F382 /* Resources */,
			);
			buildRules = (
			);
			dependencies = (
			);
			name = ProductsAPI;
			productName = ProductsAPI;
			productReference = 3221468D2B5AF47600C3F382 /* ProductsAPI.app */;
			productType = "com.apple.product-type.application";
		};
/* End PBXNativeTarget section */

/* Begin PBXProject section */
		322146852B5AF47500C3F382 /* Project object */ = {
			isa = PBXProject;
			attributes = {
				BuildIndependentTargetsInParallel = 1;
				LastSwiftUpdateCheck = 1520;
				LastUpgradeCheck = 1520;
				TargetAttributes = {
					3221468C2B5AF47500C3F382 = {
						CreatedOnToolsVersion = 15.2;
					};
				};
			};
			buildConfigurationList = 322146882B5AF47500C3F382 /* Build configuration list for PBXProject "ProductsAPI" */;
			compatibilityVersion = "Xcode 14.0";
			developmentRegion = en;
			hasScannedForEncodings = 0;
			knownRegions = (
				en,
				Base,
			);
			mainGroup = 322146842B5AF47500C3F382;
			productRefGroup = 3221468E2B5AF47600C3F382 /* Products */;
			projectDirPath = "";
			projectRoot = "";
			targets = (
				3221468C2B5AF47500C3F382 /* ProductsAPI */,
			);
		};
/* End PBXProject section */

/* Begin PBXResourcesBuildPhase section */
		3221468B2B5AF47500C3F382 /* Resources */ = {
			isa = PBXResourcesBuildPhase;
			buildActionMask = 2147483647;
			files = (
				3221469D2B5AF48000C3F382 /* LaunchScreen.storyboard in Resources */,
				3221469A2B5AF48000C3F382 /* Assets.xcassets in Resources */,
			);
			runOnlyForDeploymentPostprocessing = 0;
		};
/* End PBXResourcesBuildPhase section */

/* Begin PBXSourcesBuildPhase section */
		322146892B5AF47500C3F382 /* Sources */ = {
			isa = PBXSourcesBuildPhase;
			buildActionMask = 2147483647;
			files = (
				322146B12B5AF9DD00C3F382 /* ProductsResponse.swift in Sources */,
				322146952B5AF47600C3F382 /* ProductsViewController.swift in Sources */,
				322146B92B5B03E700C3F382 /* ProductsViewModel.swift in Sources */,
				322146BE2B5B05E900C3F382 /* APIError.swift in Sources */,
				322146AF2B5AF91C00C3F382 /* Product.swift in Sources */,
				32F3A7162B5B247C00857C69 /* ProductPreviewCollectionViewCell.swift in Sources */,
				322146C42B5B0F2F00C3F382 /* AlertHelpers.swift in Sources */,
				322146B42B5AFA9C00C3F382 /* ProductPreviewViewModel.swift in Sources */,
				322146CA2B5B133700C3F382 /* MessageType.swift in Sources */,
				322146912B5AF47600C3F382 /* AppDelegate.swift in Sources */,
				322146C72B5B0FDA00C3F382 /* BottomAlertView.swift in Sources */,
				322146932B5AF47600C3F382 /* SceneDelegate.swift in Sources */,
				322146BB2B5B04BD00C3F382 /* APIService.swift in Sources */,
				322146B72B5AFC9B00C3F382 /* ImageService.swift in Sources */,
			);
			runOnlyForDeploymentPostprocessing = 0;
		};
/* End PBXSourcesBuildPhase section */

/* Begin PBXVariantGroup section */
		3221469B2B5AF48000C3F382 /* LaunchScreen.storyboard */ = {
			isa = PBXVariantGroup;
			children = (
				3221469C2B5AF48000C3F382 /* Base */,
			);
			name = LaunchScreen.storyboard;
			sourceTree = "<group>";
		};
/* End PBXVariantGroup section */

/* Begin XCBuildConfiguration section */
		3221469F2B5AF48000C3F382 /* Debug */ = {
			isa = XCBuildConfiguration;
			buildSettings = {
				ALWAYS_SEARCH_USER_PATHS = NO;
				ASSETCATALOG_COMPILER_GENERATE_SWIFT_ASSET_SYMBOL_EXTENSIONS = YES;
				CLANG_ANALYZER_NONNULL = YES;
				CLANG_ANALYZER_NUMBER_OBJECT_CONVERSION = YES_AGGRESSIVE;
				CLANG_CXX_LANGUAGE_STANDARD = "gnu++20";
				CLANG_ENABLE_MODULES = YES;
				CLANG_ENABLE_OBJC_ARC = YES;
				CLANG_ENABLE_OBJC_WEAK = YES;
				CLANG_WARN_BLOCK_CAPTURE_AUTORELEASING = YES;
				CLANG_WARN_BOOL_CONVERSION = YES;
				CLANG_WARN_COMMA = YES;
				CLANG_WARN_CONSTANT_CONVERSION = YES;
				CLANG_WARN_DEPRECATED_OBJC_IMPLEMENTATIONS = YES;
				CLANG_WARN_DIRECT_OBJC_ISA_USAGE = YES_ERROR;
				CLANG_WARN_DOCUMENTATION_COMMENTS = YES;
				CLANG_WARN_EMPTY_BODY = YES;
				CLANG_WARN_ENUM_CONVERSION = YES;
				CLANG_WARN_INFINITE_RECURSION = YES;
				CLANG_WARN_INT_CONVERSION = YES;
				CLANG_WARN_NON_LITERAL_NULL_CONVERSION = YES;
				CLANG_WARN_OBJC_IMPLICIT_RETAIN_SELF = YES;
				CLANG_WARN_OBJC_LITERAL_CONVERSION = YES;
				CLANG_WARN_OBJC_ROOT_CLASS = YES_ERROR;
				CLANG_WARN_QUOTED_INCLUDE_IN_FRAMEWORK_HEADER = YES;
				CLANG_WARN_RANGE_LOOP_ANALYSIS = YES;
				CLANG_WARN_STRICT_PROTOTYPES = YES;
				CLANG_WARN_SUSPICIOUS_MOVE = YES;
				CLANG_WARN_UNGUARDED_AVAILABILITY = YES_AGGRESSIVE;
				CLANG_WARN_UNREACHABLE_CODE = YES;
				CLANG_WARN__DUPLICATE_METHOD_MATCH = YES;
				COPY_PHASE_STRIP = NO;
				DEBUG_INFORMATION_FORMAT = dwarf;
				ENABLE_STRICT_OBJC_MSGSEND = YES;
				ENABLE_TESTABILITY = YES;
				ENABLE_USER_SCRIPT_SANDBOXING = YES;
				GCC_C_LANGUAGE_STANDARD = gnu17;
				GCC_DYNAMIC_NO_PIC = NO;
				GCC_NO_COMMON_BLOCKS = YES;
				GCC_OPTIMIZATION_LEVEL = 0;
				GCC_PREPROCESSOR_DEFINITIONS = (
					"DEBUG=1",
					"$(inherited)",
				);
				GCC_WARN_64_TO_32_BIT_CONVERSION = YES;
				GCC_WARN_ABOUT_RETURN_TYPE = YES_ERROR;
				GCC_WARN_UNDECLARED_SELECTOR = YES;
				GCC_WARN_UNINITIALIZED_AUTOS = YES_AGGRESSIVE;
				GCC_WARN_UNUSED_FUNCTION = YES;
				GCC_WARN_UNUSED_VARIABLE = YES;
				IPHONEOS_DEPLOYMENT_TARGET = 17.2;
				LOCALIZATION_PREFERS_STRING_CATALOGS = YES;
				MTL_ENABLE_DEBUG_INFO = INCLUDE_SOURCE;
				MTL_FAST_MATH = YES;
				ONLY_ACTIVE_ARCH = YES;
				SDKROOT = iphoneos;
				SWIFT_ACTIVE_COMPILATION_CONDITIONS = "DEBUG $(inherited)";
				SWIFT_OPTIMIZATION_LEVEL = "-Onone";
			};
			name = Debug;
		};
		322146A02B5AF48000C3F382 /* Release */ = {
			isa = XCBuildConfiguration;
			buildSettings = {
				ALWAYS_SEARCH_USER_PATHS = NO;
				ASSETCATALOG_COMPILER_GENERATE_SWIFT_ASSET_SYMBOL_EXTENSIONS = YES;
				CLANG_ANALYZER_NONNULL = YES;
				CLANG_ANALYZER_NUMBER_OBJECT_CONVERSION = YES_AGGRESSIVE;
				CLANG_CXX_LANGUAGE_STANDARD = "gnu++20";
				CLANG_ENABLE_MODULES = YES;
				CLANG_ENABLE_OBJC_ARC = YES;
				CLANG_ENABLE_OBJC_WEAK = YES;
				CLANG_WARN_BLOCK_CAPTURE_AUTORELEASING = YES;
				CLANG_WARN_BOOL_CONVERSION = YES;
				CLANG_WARN_COMMA = YES;
				CLANG_WARN_CONSTANT_CONVERSION = YES;
				CLANG_WARN_DEPRECATED_OBJC_IMPLEMENTATIONS = YES;
				CLANG_WARN_DIRECT_OBJC_ISA_USAGE = YES_ERROR;
				CLANG_WARN_DOCUMENTATION_COMMENTS = YES;
				CLANG_WARN_EMPTY_BODY = YES;
				CLANG_WARN_ENUM_CONVERSION = YES;
				CLANG_WARN_INFINITE_RECURSION = YES;
				CLANG_WARN_INT_CONVERSION = YES;
				CLANG_WARN_NON_LITERAL_NULL_CONVERSION = YES;
				CLANG_WARN_OBJC_IMPLICIT_RETAIN_SELF = YES;
				CLANG_WARN_OBJC_LITERAL_CONVERSION = YES;
				CLANG_WARN_OBJC_ROOT_CLASS = YES_ERROR;
				CLANG_WARN_QUOTED_INCLUDE_IN_FRAMEWORK_HEADER = YES;
				CLANG_WARN_RANGE_LOOP_ANALYSIS = YES;
				CLANG_WARN_STRICT_PROTOTYPES = YES;
				CLANG_WARN_SUSPICIOUS_MOVE = YES;
				CLANG_WARN_UNGUARDED_AVAILABILITY = YES_AGGRESSIVE;
				CLANG_WARN_UNREACHABLE_CODE = YES;
				CLANG_WARN__DUPLICATE_METHOD_MATCH = YES;
				COPY_PHASE_STRIP = NO;
				DEBUG_INFORMATION_FORMAT = "dwarf-with-dsym";
				ENABLE_NS_ASSERTIONS = NO;
				ENABLE_STRICT_OBJC_MSGSEND = YES;
				ENABLE_USER_SCRIPT_SANDBOXING = YES;
				GCC_C_LANGUAGE_STANDARD = gnu17;
				GCC_NO_COMMON_BLOCKS = YES;
				GCC_WARN_64_TO_32_BIT_CONVERSION = YES;
				GCC_WARN_ABOUT_RETURN_TYPE = YES_ERROR;
				GCC_WARN_UNDECLARED_SELECTOR = YES;
				GCC_WARN_UNINITIALIZED_AUTOS = YES_AGGRESSIVE;
				GCC_WARN_UNUSED_FUNCTION = YES;
				GCC_WARN_UNUSED_VARIABLE = YES;
				IPHONEOS_DEPLOYMENT_TARGET = 17.2;
				LOCALIZATION_PREFERS_STRING_CATALOGS = YES;
				MTL_ENABLE_DEBUG_INFO = NO;
				MTL_FAST_MATH = YES;
				SDKROOT = iphoneos;
				SWIFT_COMPILATION_MODE = wholemodule;
				VALIDATE_PRODUCT = YES;
			};
			name = Release;
		};
		322146A22B5AF48000C3F382 /* Debug */ = {
			isa = XCBuildConfiguration;
			buildSettings = {
				ASSETCATALOG_COMPILER_APPICON_NAME = AppIcon;
				ASSETCATALOG_COMPILER_GLOBAL_ACCENT_COLOR_NAME = AccentColor;
				CODE_SIGN_STYLE = Automatic;
				CURRENT_PROJECT_VERSION = 1;
				DEVELOPMENT_TEAM = T3HSYG9UX9;
				GENERATE_INFOPLIST_FILE = YES;
				INFOPLIST_FILE = ProductsAPI/Info.plist;
				INFOPLIST_KEY_UIApplicationSupportsIndirectInputEvents = YES;
				INFOPLIST_KEY_UILaunchStoryboardName = LaunchScreen;
				INFOPLIST_KEY_UISupportedInterfaceOrientations = UIInterfaceOrientationPortrait;
				INFOPLIST_KEY_UISupportedInterfaceOrientations_iPad = "UIInterfaceOrientationLandscapeLeft UIInterfaceOrientationLandscapeRight UIInterfaceOrientationPortrait UIInterfaceOrientationPortraitUpsideDown";
				IPHONEOS_DEPLOYMENT_TARGET = 17.0;
				LD_RUNPATH_SEARCH_PATHS = (
					"$(inherited)",
					"@executable_path/Frameworks",
				);
				MARKETING_VERSION = 1.0;
				PRODUCT_BUNDLE_IDENTIFIER = com.CubitSolutions.ProductsAPI;
				PRODUCT_NAME = "$(TARGET_NAME)";
				SUPPORTED_PLATFORMS = "iphoneos iphonesimulator";
				SUPPORTS_MACCATALYST = NO;
				SUPPORTS_MAC_DESIGNED_FOR_IPHONE_IPAD = NO;
				SUPPORTS_XR_DESIGNED_FOR_IPHONE_IPAD = NO;
				SWIFT_EMIT_LOC_STRINGS = YES;
				SWIFT_VERSION = 5.0;
				TARGETED_DEVICE_FAMILY = 1;
			};
			name = Debug;
		};
		322146A32B5AF48000C3F382 /* Release */ = {
			isa = XCBuildConfiguration;
			buildSettings = {
				ASSETCATALOG_COMPILER_APPICON_NAME = AppIcon;
				ASSETCATALOG_COMPILER_GLOBAL_ACCENT_COLOR_NAME = AccentColor;
				CODE_SIGN_STYLE = Automatic;
				CURRENT_PROJECT_VERSION = 1;
				DEVELOPMENT_TEAM = T3HSYG9UX9;
				GENERATE_INFOPLIST_FILE = YES;
				INFOPLIST_FILE = ProductsAPI/Info.plist;
				INFOPLIST_KEY_UIApplicationSupportsIndirectInputEvents = YES;
				INFOPLIST_KEY_UILaunchStoryboardName = LaunchScreen;
				INFOPLIST_KEY_UISupportedInterfaceOrientations = UIInterfaceOrientationPortrait;
				INFOPLIST_KEY_UISupportedInterfaceOrientations_iPad = "UIInterfaceOrientationLandscapeLeft UIInterfaceOrientationLandscapeRight UIInterfaceOrientationPortrait UIInterfaceOrientationPortraitUpsideDown";
				IPHONEOS_DEPLOYMENT_TARGET = 17.0;
				LD_RUNPATH_SEARCH_PATHS = (
					"$(inherited)",
					"@executable_path/Frameworks",
				);
				MARKETING_VERSION = 1.0;
				PRODUCT_BUNDLE_IDENTIFIER = com.CubitSolutions.ProductsAPI;
				PRODUCT_NAME = "$(TARGET_NAME)";
				SUPPORTED_PLATFORMS = "iphoneos iphonesimulator";
				SUPPORTS_MACCATALYST = NO;
				SUPPORTS_MAC_DESIGNED_FOR_IPHONE_IPAD = NO;
				SUPPORTS_XR_DESIGNED_FOR_IPHONE_IPAD = NO;
				SWIFT_EMIT_LOC_STRINGS = YES;
				SWIFT_VERSION = 5.0;
				TARGETED_DEVICE_FAMILY = 1;
			};
			name = Release;
		};
/* End XCBuildConfiguration section */

/* Begin XCConfigurationList section */
		322146882B5AF47500C3F382 /* Build configuration list for PBXProject "ProductsAPI" */ = {
			isa = XCConfigurationList;
			buildConfigurations = (
				3221469F2B5AF48000C3F382 /* Debug */,
				322146A02B5AF48000C3F382 /* Release */,
			);
			defaultConfigurationIsVisible = 0;
			defaultConfigurationName = Release;
		};
		322146A12B5AF48000C3F382 /* Build configuration list for PBXNativeTarget "ProductsAPI" */ = {
			isa = XCConfigurationList;
			buildConfigurations = (
				322146A22B5AF48000C3F382 /* Debug */,
				322146A32B5AF48000C3F382 /* Release */,
			);
			defaultConfigurationIsVisible = 0;
			defaultConfigurationName = Release;
		};
/* End XCConfigurationList section */
	};
	rootObject = 322146852B5AF47500C3F382 /* Project object */;
}
